Microsoft Visual Studio Solution File, Format Version 12.00
# Visual Studio Version 17
VisualStudioVersion = 17.5.2.0
MinimumVisualStudioVersion = 10.0.40219.1
Project("{FAE04EC0-301F-11D3-BF4B-00C04F79EFBC}") = "ACL", "ACL.csproj", "{97DD833E-0048-20F1-8CC7-05B6E8A8249A}"
EndProject
Global
	GlobalSection(SolutionConfigurationPlatforms) = preSolution
		Debug|Any CPU = Debug|Any CPU
		Release|Any CPU = Release|Any CPU
	EndGlobalSection
	GlobalSection(ProjectConfigurationPlatforms) = postSolution
		{97DD833E-0048-20F1-8CC7-05B6E8A8249A}.Debug|Any CPU.ActiveCfg = Debug|Any CPU
		{97DD833E-0048-20F1-8CC7-05B6E8A8249A}.Debug|Any CPU.Build.0 = Debug|Any CPU
		{97DD833E-0048-20F1-8CC7-05B6E8A8249A}.Release|Any CPU.ActiveCfg = Release|Any CPU
		{97DD833E-0048-20F1-8CC7-05B6E8A8249A}.Release|Any CPU.Build.0 = Release|Any CPU
	EndGlobalSection
	GlobalSection(SolutionProperties) = preSolution
		HideSolutionNode = FALSE
	EndGlobalSection
	GlobalSection(ExtensibilityGlobals) = postSolution
		SolutionGuid = {4B133CD3-1D3E-4EAD-812B-16639241457D}
	EndGlobalSection
EndGlobal
